
Microsoft Visual Studio Solution File, Format Version 11.00
# Visual Studio 2010
Project("{FAE04EC0-301F-11D3-BF4B-00C04F79EFBC}") = "As-Yet-Untitled", "Assembly-CSharp.csproj", "{374FFD4F-6135-7094-67CD-EC5C764B3847}"
EndProject
Project("{FAE04EC0-301F-11D3-BF4B-00C04F79EFBC}") = "As-Yet-Untitled", "Assembly-CSharp-Editor.csproj", "{5928433B-E54E-2443-F38E-F25ADB1DBD9D}"
EndProject
Global
	GlobalSection(SolutionConfigurationPlatforms) = preSolution
		Debug|Any CPU = Debug|Any CPU
		Release|Any CPU = Release|Any CPU
	EndGlobalSection
	GlobalSection(ProjectConfigurationPlatforms) = postSolution
		{374FFD4F-6135-7094-67CD-EC5C764B3847}.Debug|Any CPU.ActiveCfg = Debug|Any CPU
		{374FFD4F-6135-7094-67CD-EC5C764B3847}.Debug|Any CPU.Build.0 = Debug|Any CPU
		{374FFD4F-6135-7094-67CD-EC5C764B3847}.Release|Any CPU.ActiveCfg = Release|Any CPU
		{374FFD4F-6135-7094-67CD-EC5C764B3847}.Release|Any CPU.Build.0 = Release|Any CPU
		{5928433B-E54E-2443-F38E-F25ADB1DBD9D}.Debug|Any CPU.ActiveCfg = Debug|Any CPU
		{5928433B-E54E-2443-F38E-F25ADB1DBD9D}.Debug|Any CPU.Build.0 = Debug|Any CPU
		{5928433B-E54E-2443-F38E-F25ADB1DBD9D}.Release|Any CPU.ActiveCfg = Release|Any CPU
		{5928433B-E54E-2443-F38E-F25ADB1DBD9D}.Release|Any CPU.Build.0 = Release|Any CPU
	EndGlobalSection
	GlobalSection(SolutionProperties) = preSolution
		HideSolutionNode = FALSE
	EndGlobalSection
	GlobalSection(MonoDevelopProperties) = preSolution
		StartupItem = Assembly-CSharp.csproj
	EndGlobalSection
EndGlobal
